
Microsoft Visual Studio Solution File, Format Version 12.00
# Visual Studio Version 17
VisualStudioVersion = 17.4.33213.308
MinimumVisualStudioVersion = 10.0.40219.1
Project("{778DAE3C-4631-46EA-AA77-85C1314464D9}") = "01_LesVariablesEtEnvironnement.sln", "01_LesVariablesEtEnvironnement.sln.vbproj", "{6DA06BD1-8697-45E4-AF24-2F3C2D75D4B3}"
EndProject
Project("{2150E333-8FDC-42A3-9474-1A3956D46DE8}") = "VBNET", "VBNET", "{3F14B517-7784-4281-805D-8AB5936C7BF5}"
EndProject
Project("{2150E333-8FDC-42A3-9474-1A3956D46DE8}") = "COURS", "COURS", "{40C7B6F2-6491-40F0-B846-692C001BEB67}"
EndProject
Project("{2150E333-8FDC-42A3-9474-1A3956D46DE8}") = "EXERCICES", "EXERCICES", "{F6B6A650-08FF-4DC2-8A3E-F63141920775}"
EndProject
Project("{778DAE3C-4631-46EA-AA77-85C1314464D9}") = "03_LesOperateurs", "..\03_LesOperateurs\03_LesOperateurs.vbproj", "{8A23B300-0DFC-4F70-A8C3-B4F20C04A01D}"
EndProject
Project("{2150E333-8FDC-42A3-9474-1A3956D46DE8}") = "00-SupportDeCours", "00-SupportDeCours", "{A93F47ED-5E0E-4B23-8146-BDE3A1B435E6}"
EndProject
Project("{2150E333-8FDC-42A3-9474-1A3956D46DE8}") = "01-LesVariablesEtOperateurs", "01-LesVariablesEtOperateurs", "{8ECE7AF5-A459-410F-A285-848D9B319B12}"
EndProject
Project("{778DAE3C-4631-46EA-AA77-85C1314464D9}") = "04-CastingEtConvertion", "..\04-CastingEtConvertion\04-CastingEtConvertion.vbproj", "{E36D4D83-91EF-4263-B525-5D9C074F610B}"
EndProject
Project("{778DAE3C-4631-46EA-AA77-85C1314464D9}") = "05-ConstantesEnumsEtPortees", "..\05-ConstantesEtPortees\05-ConstantesEnumsEtPortees.vbproj", "{812BC224-98E4-4CAE-8115-655C3DCE2CEF}"
EndProject
Project("{778DAE3C-4631-46EA-AA77-85C1314464D9}") = "02_LesTypesDeVariables", "..\02_LesTypesDeVariables\02_LesTypesDeVariables.vbproj", "{A1D3F67D-C5A8-415C-B893-AFE10EF6198F}"
EndProject
Project("{778DAE3C-4631-46EA-AA77-85C1314464D9}") = "Exercice01_affichageConsole", "..\..\..\Exercices\Exercice01_affichageConsole\Exercice01_affichageConsole.vbproj", "{0C6DA5FC-95E5-48CA-98C2-B80952D6B689}"
EndProject
Project("{778DAE3C-4631-46EA-AA77-85C1314464D9}") = "Exercice02_variableString", "..\..\..\Exercices\Exercice02_variableString\Exercice02_variableString.vbproj", "{A2BFF418-849F-4129-B3B2-37DD67867740}"
EndProject
Project("{778DAE3C-4631-46EA-AA77-85C1314464D9}") = "Exercice03-VariablesStringConcat", "..\..\..\Exercices\Exercice03-VariablesStringConcat\Exercice03-VariablesStringConcat.vbproj", "{F1CF60AF-E598-43E2-AB8E-8BF53164D255}"
EndProject
Project("{778DAE3C-4631-46EA-AA77-85C1314464D9}") = "Exercice04-VariableIntConcat", "..\..\..\Exercices\Exercice04-VariableIntConcat\Exercice04-VariableIntConcat.vbproj", "{A9F5EFAF-739A-433D-95E8-45DF6292A6BE}"
EndProject
Project("{778DAE3C-4631-46EA-AA77-85C1314464D9}") = "Exercice05-VariablesNumeriques", "..\..\..\Exercices\Exercice05-VariableNumerique\Exercice05-VariablesNumeriques.vbproj", "{7B835DCF-A97D-4C08-91D6-5011EF0A8156}"
EndProject
Project("{778DAE3C-4631-46EA-AA77-85C1314464D9}") = "Exercice06-CalculAireCarre", "..\..\..\Exercices\Exercice06-CalculAireCarre\Exercice06-CalculAireCarre.vbproj", "{23E2301A-D2AE-4E13-8D55-8A31759BC488}"
EndProject
Project("{778DAE3C-4631-46EA-AA77-85C1314464D9}") = "Exercice07-CalculHypothenuse", "..\..\..\Exercices\Exercice07-CalculHypothenuse\Exercice07-CalculHypothenuse.vbproj", "{60948ABF-61B2-42B4-A85B-A1CAFCF5A333}"
EndProject
Project("{778DAE3C-4631-46EA-AA77-85C1314464D9}") = "Exercice08-CalculTVA", "..\..\..\Exercices\Exercice08-CalculTVA\Exercice08-CalculTVA.vbproj", "{640535DF-7A8B-43E7-9F3A-83C87CA5875E}"
EndProject
Project("{778DAE3C-4631-46EA-AA77-85C1314464D9}") = "Exercice09-CalculInterets", "..\..\..\Exercices\Exercice09-CalculInterets\Exercice09-CalculInterets.vbproj", "{ED6546D0-B6DD-4440-B23F-3F9D374C1232}"
EndProject
Project("{778DAE3C-4631-46EA-AA77-85C1314464D9}") = "Exercice10-IfElseVoyelle", "..\..\..\Exercices\Exercice10-IfElseVoyelle\Exercice10-IfElseVoyelle.vbproj", "{E2ED514E-F563-42D7-B6CB-ED4DB2C70C8B}"
EndProject
Project("{778DAE3C-4631-46EA-AA77-85C1314464D9}") = "Exercice17-SwitchBoisson", "..\..\..\Exercices\Exercice17-SwitchBoisson\Exercice17-SwitchBoisson.vbproj", "{8B44DA31-B633-4F22-9158-C1E5276372FD}"
EndProject
Project("{778DAE3C-4631-46EA-AA77-85C1314464D9}") = "Exercice18-SelectCaseQuelleCategorie", "..\..\..\Exercices\Exercice18-SelectCaseQuelleCategorie\Exercice18-SelectCaseQuelleCategorie.vbproj", "{4EB9E55B-DBE7-4D42-A6D8-F409ED899023}"
EndProject
Project("{778DAE3C-4631-46EA-AA77-85C1314464D9}") = "Exercice12-IfElseQuelleCategorie", "..\..\..\Exercices\Exercice12-IfElseQuelleCategorie\Exercice12-IfElseQuelleCategorie.vbproj", "{7CD86E58-C42E-412D-962A-1BF745D974B8}"
EndProject
Project("{778DAE3C-4631-46EA-AA77-85C1314464D9}") = "Exercice16-IfElseCalculImpots", "..\..\..\Exercices\Exercice16-IfElseCalculImpots\Exercice16-IfElseCalculImpots.vbproj", "{29E3B897-2D34-472F-B991-BB7C183AF92F}"
EndProject
Project("{778DAE3C-4631-46EA-AA77-85C1314464D9}") = "Exercice19-SelectCaseCalculImpots", "..\..\..\Exercices\Exercice19-SelectCaseCalculImpots\Exercice19-SelectCaseCalculImpots.vbproj", "{03441831-32C1-413C-BFDD-A04B3D24566A}"
EndProject
Project("{778DAE3C-4631-46EA-AA77-85C1314464D9}") = "Exercice20-ForNext-CompterA10", "..\..\..\Exercices\Exercice20-ForNext-CompterA10\Exercice20-ForNext-CompterA10.vbproj", "{87D52EBE-224D-48EC-A2AF-850D5264C1B8}"
EndProject
Project("{778DAE3C-4631-46EA-AA77-85C1314464D9}") = "Exercice13-IfElseTriangle", "..\..\..\Exercices\Exercice13-IfElseTriangle\Exercice13-IfElseTriangle.vbproj", "{2583D4F1-2E6E-4FDE-8160-A5060A1C10D9}"
EndProject
Project("{778DAE3C-4631-46EA-AA77-85C1314464D9}") = "Exercice14-IfElseTailleVetements", "..\..\..\Exercices\Exercice14-IfElseTailleVetements\Exercice14-IfElseTailleVetements.vbproj", "{FF320525-BBE6-497A-B661-843B0D6EBBB6}"
EndProject
Project("{778DAE3C-4631-46EA-AA77-85C1314464D9}") = "Exercice11-IfElseNombreDivisible", "..\..\..\Exercices\Exercice11-IfElseNombreDivisible\Exercice11-IfElseNombreDivisible.vbproj", "{412A334D-F711-4D04-910A-C17E64772AFB}"
EndProject
Project("{778DAE3C-4631-46EA-AA77-85C1314464D9}") = "Exercice23-ForNext-AccroissementPopulation", "..\..\..\Exercices\Exercice23-ForNext-AccroissementPopulation\Exercice23-ForNext-AccroissementPopulation.vbproj", "{83BB47A0-2B7F-419F-9741-BD83C9241856}"
EndProject
Project("{778DAE3C-4631-46EA-AA77-85C1314464D9}") = "Exercice21-ForNext-MenuEtSousMenu", "..\..\..\Exercices\Exercice21-ForNext-MenuEtSousMenu\Exercice21-ForNext-MenuEtSousMenu.vbproj", "{B09AECA9-AB4D-47A1-8A44-531D9E228E76}"
EndProject
Project("{778DAE3C-4631-46EA-AA77-85C1314464D9}") = "Exercice22-ForNext-TableMultiplication", "..\..\..\Exercices\Exercice22-ForNext-TableMultiplication\Exercice22-ForNext-TableMultiplication.vbproj", "{1745EBC3-4BB7-4135-9683-34971726D146}"
EndProject
Project("{778DAE3C-4631-46EA-AA77-85C1314464D9}") = "Exercice24-ForNext-ChaineEntiers", "..\..\..\Exercices\Exercice24-ForNext-ChaineEntiers\Exercice24-ForNext-ChaineEntiers.vbproj", "{5139A7E3-636D-41AB-B153-9A7C2CE9DF33}"
EndProject
Project("{778DAE3C-4631-46EA-AA77-85C1314464D9}") = "Exercice25-ForNext-MeilleurNote", "..\..\..\Exercices\Exercice25-ForNext-MeilleurNote\Exercice25-ForNext-MeilleurNote.vbproj", "{FB96BA14-0D6F-4672-BD4F-31B376B3ED05}"
EndProject
Project("{778DAE3C-4631-46EA-AA77-85C1314464D9}") = "Exercice26-While–AccroissementPopulation", "..\..\..\Exercices\Exercice26-While–AccroissementPopulation\Exercice26-While–AccroissementPopulation.vbproj", "{379BF1B5-BDB8-4535-8241-32E6F56180C1}"
EndProject
Project("{778DAE3C-4631-46EA-AA77-85C1314464D9}") = "Exercice27-While-ChaineEntiers", "..\..\..\Exercices\Exercice27-While-ChaineEntiers\Exercice27-While-ChaineEntiers.vbproj", "{A975E8D3-ED6F-4595-A7F7-2E0944F7BD10}"
EndProject
Project("{778DAE3C-4631-46EA-AA77-85C1314464D9}") = "Exercice28-While-MeilleurNote", "..\..\..\Exercices\Exercice28-While-MeilleurNote\Exercice28-While-MeilleurNote.vbproj", "{3A93C781-417B-4FE4-968D-19AB9392B098}"
EndProject
Project("{778DAE3C-4631-46EA-AA77-85C1314464D9}") = "Exercice29-While-NombreMystere", "..\..\..\Exercices\Exercice29-While-NombreMystere\Exercice29-While-NombreMystere.vbproj", "{F34A2F11-42C7-4988-8C75-B030F9A17794}"
EndProject
Project("{2150E333-8FDC-42A3-9474-1A3956D46DE8}") = "02-LesBouclesEtConditions", "02-LesBouclesEtConditions", "{72C08515-B9E8-4EEA-B723-560762171FEF}"
EndProject
Project("{2150E333-8FDC-42A3-9474-1A3956D46DE8}") = "03-LestableauxEnVBNET", "03-LestableauxEnVBNET", "{76C629AE-4969-4870-83BD-DA528CED6CCF}"
EndProject
Project("{778DAE3C-4631-46EA-AA77-85C1314464D9}") = "01-StructuresConditionnelles-If_Else", "..\..\02-LesConditionsEtLesBoucles\01-InstructionConditionnelle-If_Else\01-StructuresConditionnelles-If_Else.vbproj", "{27F35264-D26A-4139-AD0F-BA440F6FD41B}"
EndProject
Project("{778DAE3C-4631-46EA-AA77-85C1314464D9}") = "02-StructuresConditionnelles-SelectCase", "..\..\02-LesConditionsEtLesBoucles\02-StructuresConditionnelles-SelectCase\02-StructuresConditionnelles-SelectCase.vbproj", "{B70D10C7-63B6-421C-B26D-CE21CB89307B}"
EndProject
Project("{778DAE3C-4631-46EA-AA77-85C1314464D9}") = "03-LesBouclesForNext", "..\..\02-LesConditionsEtLesBoucles\03-LesBouclesForNext\03-LesBouclesForNext.vbproj", "{5299132B-2201-48D3-A747-4B9F84056C26}"
EndProject
Project("{778DAE3C-4631-46EA-AA77-85C1314464D9}") = "04-LesBouclesWhile", "..\..\02-LesConditionsEtLesBoucles\04-LesBouclesWhile\04-LesBouclesWhile.vbproj", "{69620AE0-F2A3-4A91-9BB3-6E4C5B60CA7E}"
EndProject
Project("{778DAE3C-4631-46EA-AA77-85C1314464D9}") = "05-LesBoucles-DoLoop", "..\..\02-LesConditionsEtLesBoucles\05-LesBoucles-DoLoop\05-LesBoucles-DoLoop.vbproj", "{166A1C3B-5577-4641-962A-5790DA67FAFD}"
EndProject
Project("{778DAE3C-4631-46EA-AA77-85C1314464D9}") = "01-LesTableauxEnVBNet", "..\..\03-LestableauxEnVBNET\01-LesTableauxEnVBNet\01-LesTableauxEnVBNet.vbproj", "{E3D56EE3-3713-486B-8E3C-5DA7E69AAF81}"
EndProject
Project("{778DAE3C-4631-46EA-AA77-85C1314464D9}") = "Exercice30-DoLoop-QuestionMultiple", "..\..\..\Exercices\Exercice30-DoLoop-QuestionMultiple\Exercice30-DoLoop-QuestionMultiple.vbproj", "{29400378-7821-462C-9E7A-0BC5B0A609F2}"
EndProject
Project("{778DAE3C-4631-46EA-AA77-85C1314464D9}") = "Exercice31-DoLoop-GestionNoteMenu", "..\..\..\Exercices\Exercice31-DoLoop-GestionNoteMenu\Exercice31-DoLoop-GestionNoteMenu.vbproj", "{63C3BB87-E860-41FC-8C56-8DDBE7544B66}"
EndProject
Project("{778DAE3C-4631-46EA-AA77-85C1314464D9}") = "Exercice32-Tableaux-InsertionValeurs", "..\..\..\Exercices\Exercice32-Tableaux-InsertionValeurs\Exercice32-Tableaux-InsertionValeurs.vbproj", "{136EC96D-9481-4447-8948-83A3F0DBF2A0}"
EndProject
Project("{778DAE3C-4631-46EA-AA77-85C1314464D9}") = "Exercice33-Tableau-TableASCII", "..\..\..\Exercices\Exercice33-Tableau-TableASCII\Exercice33-Tableau-TableASCII.vbproj", "{6E5B635E-AE08-4742-9D87-C8FD44EC2DC7}"
EndProject
Project("{778DAE3C-4631-46EA-AA77-85C1314464D9}") = "Exercice34-Tableau-EstPairEstImpair", "..\..\..\Exercices\Exercice34-Tableau-EstPairEstImpair\Exercice34-Tableau-EstPairEstImpair.vbproj", "{37B4C0D6-C0B7-4EC8-B63F-42DA9E21ABBE}"
EndProject
Project("{778DAE3C-4631-46EA-AA77-85C1314464D9}") = "Exercice35-Tableaux-ListeContact", "..\..\..\Exercices\Exercice35-Tableaux-ListeContact\Exercice35-Tableaux-ListeContact.vbproj", "{7BA910DF-31D4-40C3-9F5E-39BD212F9194}"
EndProject
Project("{778DAE3C-4631-46EA-AA77-85C1314464D9}") = "Exercice36-Tableaux-TableauDeNotes", "..\..\..\Exercices\Exercice36-Tableaux-TableauDeNotes\Exercice36-Tableaux-TableauDeNotes.vbproj", "{371BA33D-577A-4E48-B30F-DFA8B5210BC3}"
EndProject
Project("{778DAE3C-4631-46EA-AA77-85C1314464D9}") = "Exercice37-ForEach-Calendar", "..\..\..\Exercices\Exercice37-ForEach-Calendar\Exercice37-ForEach-Calendar.vbproj", "{9E5A7753-5F2A-4FFD-A89E-8C75EAE1B371}"
EndProject
Project("{778DAE3C-4631-46EA-AA77-85C1314464D9}") = "Exercice38-ForEach-OuEstPasse", "..\..\..\Exercices\Exercice38-ForEach-OuEstPasse\Exercice38-ForEach-OuEstPasse.vbproj", "{B648B201-4E83-4F53-BF5E-8AB09D1F6A53}"
EndProject
Project("{778DAE3C-4631-46EA-AA77-85C1314464D9}") = "Exercice39-ForEach-TirageauSort", "..\..\..\Exercices\Exercice39-ForEach-TirageauSort\Exercice39-ForEach-TirageauSort.vbproj", "{8E9B22FD-B0A2-484F-B5C3-8866C584B101}"
EndProject
Project("{778DAE3C-4631-46EA-AA77-85C1314464D9}") = "02-ArrayList Class", "..\..\03-LestableauxEnVBNET\02-ArrayList Class\02-ArrayList Class.vbproj", "{3660B00C-2BEC-4EEF-ADF9-A56D31F1D33F}"
EndProject
Project("{778DAE3C-4631-46EA-AA77-85C1314464D9}") = "03-SortedList", "..\..\03-LestableauxEnVBNET\03-SortedList\03-SortedList.vbproj", "{850EF372-3978-4B69-BB7E-2E60E9ED38A0}"
EndProject
Project("{2150E333-8FDC-42A3-9474-1A3956D46DE8}") = "04-LesFonctions", "04-LesFonctions", "{06A28CCB-B8A4-401E-8DC1-2BCED951451B}"
EndProject
Project("{778DAE3C-4631-46EA-AA77-85C1314464D9}") = "LesFonctions", "..\..\04-LesFonctions\LesFonctions\LesFonctions.vbproj", "{C1793D1A-9D70-44F0-8B80-35038295111E}"
EndProject
Project("{2150E333-8FDC-42A3-9474-1A3956D46DE8}") = "POO", "POO", "{59A07F84-9791-4ECD-ACAC-CDBFD678F99B}"
EndProject
Project("{2150E333-8FDC-42A3-9474-1A3956D46DE8}") = "COURS", "COURS", "{773B12D8-3BEB-440F-85B6-60C7BA490D4E}"
EndProject
Project("{2150E333-8FDC-42A3-9474-1A3956D46DE8}") = "EXERCICES", "EXERCICES", "{D2A4CF92-4784-41CA-8A40-1432E7BED6BC}"
EndProject
Project("{778DAE3C-4631-46EA-AA77-85C1314464D9}") = "01_Classes", "..\..\..\..\POO\COURS\01_Classes\01_Classes.vbproj", "{C686E434-2403-49C7-942E-89DE5423D2D5}"
EndProject
Project("{778DAE3C-4631-46EA-AA77-85C1314464D9}") = "01_Salarie", "..\..\..\..\POO\EXERCICES\01_Salarie\01_Salarie.vbproj", "{9A4A8202-B79E-4216-8E88-E48B78AB1F7D}"
EndProject
Project("{F184B08F-C81C-45F6-A57F-5ABD9991F28F}") = "02-Chaise", "..\..\..\..\POO\EXERCICES\02-Chaise\02-Chaise.vbproj", "{BA78A332-BD0F-4700-8945-58305E6A06FD}"
EndProject
Project("{778DAE3C-4631-46EA-AA77-85C1314464D9}") = "02_Shared", "..\..\..\..\POO\COURS\02_Shared\02_Shared.vbproj", "{C0AD6BEA-9B2C-4BA5-ACD4-3093E5005B3D}"
EndProject
Project("{F184B08F-C81C-45F6-A57F-5ABD9991F28F}") = "Poo_Exercice_04_Watertank", "..\..\..\..\POO\EXERCICES\Poo_Exercice_04_Watertank\Poo_Exercice_04_Watertank.vbproj", "{D0979A65-31C6-407D-99C3-488F1947FEAA}"
EndProject
Global
	GlobalSection(SolutionConfigurationPlatforms) = preSolution
		Debug|Any CPU = Debug|Any CPU
		Release|Any CPU = Release|Any CPU
	EndGlobalSection
	GlobalSection(ProjectConfigurationPlatforms) = postSolution
		{6DA06BD1-8697-45E4-AF24-2F3C2D75D4B3}.Debug|Any CPU.ActiveCfg = Debug|Any CPU
		{6DA06BD1-8697-45E4-AF24-2F3C2D75D4B3}.Debug|Any CPU.Build.0 = Debug|Any CPU
		{6DA06BD1-8697-45E4-AF24-2F3C2D75D4B3}.Release|Any CPU.ActiveCfg = Release|Any CPU
		{6DA06BD1-8697-45E4-AF24-2F3C2D75D4B3}.Release|Any CPU.Build.0 = Release|Any CPU
		{8A23B300-0DFC-4F70-A8C3-B4F20C04A01D}.Debug|Any CPU.ActiveCfg = Debug|Any CPU
		{8A23B300-0DFC-4F70-A8C3-B4F20C04A01D}.Debug|Any CPU.Build.0 = Debug|Any CPU
		{8A23B300-0DFC-4F70-A8C3-B4F20C04A01D}.Release|Any CPU.ActiveCfg = Release|Any CPU
		{8A23B300-0DFC-4F70-A8C3-B4F20C04A01D}.Release|Any CPU.Build.0 = Release|Any CPU
		{E36D4D83-91EF-4263-B525-5D9C074F610B}.Debug|Any CPU.ActiveCfg = Debug|Any CPU
		{E36D4D83-91EF-4263-B525-5D9C074F610B}.Debug|Any CPU.Build.0 = Debug|Any CPU
		{E36D4D83-91EF-4263-B525-5D9C074F610B}.Release|Any CPU.ActiveCfg = Release|Any CPU
		{E36D4D83-91EF-4263-B525-5D9C074F610B}.Release|Any CPU.Build.0 = Release|Any CPU
		{812BC224-98E4-4CAE-8115-655C3DCE2CEF}.Debug|Any CPU.ActiveCfg = Debug|Any CPU
		{812BC224-98E4-4CAE-8115-655C3DCE2CEF}.Debug|Any CPU.Build.0 = Debug|Any CPU
		{812BC224-98E4-4CAE-8115-655C3DCE2CEF}.Release|Any CPU.ActiveCfg = Release|Any CPU
		{812BC224-98E4-4CAE-8115-655C3DCE2CEF}.Release|Any CPU.Build.0 = Release|Any CPU
		{A1D3F67D-C5A8-415C-B893-AFE10EF6198F}.Debug|Any CPU.ActiveCfg = Debug|Any CPU
		{A1D3F67D-C5A8-415C-B893-AFE10EF6198F}.Debug|Any CPU.Build.0 = Debug|Any CPU
		{A1D3F67D-C5A8-415C-B893-AFE10EF6198F}.Release|Any CPU.ActiveCfg = Release|Any CPU
		{A1D3F67D-C5A8-415C-B893-AFE10EF6198F}.Release|Any CPU.Build.0 = Release|Any CPU
		{0C6DA5FC-95E5-48CA-98C2-B80952D6B689}.Debug|Any CPU.ActiveCfg = Debug|Any CPU
		{0C6DA5FC-95E5-48CA-98C2-B80952D6B689}.Debug|Any CPU.Build.0 = Debug|Any CPU
		{0C6DA5FC-95E5-48CA-98C2-B80952D6B689}.Release|Any CPU.ActiveCfg = Release|Any CPU
		{0C6DA5FC-95E5-48CA-98C2-B80952D6B689}.Release|Any CPU.Build.0 = Release|Any CPU
		{A2BFF418-849F-4129-B3B2-37DD67867740}.Debug|Any CPU.ActiveCfg = Debug|Any CPU
		{A2BFF418-849F-4129-B3B2-37DD67867740}.Debug|Any CPU.Build.0 = Debug|Any CPU
		{A2BFF418-849F-4129-B3B2-37DD67867740}.Release|Any CPU.ActiveCfg = Release|Any CPU
		{A2BFF418-849F-4129-B3B2-37DD67867740}.Release|Any CPU.Build.0 = Release|Any CPU
		{F1CF60AF-E598-43E2-AB8E-8BF53164D255}.Debug|Any CPU.ActiveCfg = Debug|Any CPU
		{F1CF60AF-E598-43E2-AB8E-8BF53164D255}.Debug|Any CPU.Build.0 = Debug|Any CPU
		{F1CF60AF-E598-43E2-AB8E-8BF53164D255}.Release|Any CPU.ActiveCfg = Release|Any CPU
		{F1CF60AF-E598-43E2-AB8E-8BF53164D255}.Release|Any CPU.Build.0 = Release|Any CPU
		{A9F5EFAF-739A-433D-95E8-45DF6292A6BE}.Debug|Any CPU.ActiveCfg = Debug|Any CPU
		{A9F5EFAF-739A-433D-95E8-45DF6292A6BE}.Debug|Any CPU.Build.0 = Debug|Any CPU
		{A9F5EFAF-739A-433D-95E8-45DF6292A6BE}.Release|Any CPU.ActiveCfg = Release|Any CPU
		{A9F5EFAF-739A-433D-95E8-45DF6292A6BE}.Release|Any CPU.Build.0 = Release|Any CPU
		{7B835DCF-A97D-4C08-91D6-5011EF0A8156}.Debug|Any CPU.ActiveCfg = Debug|Any CPU
		{7B835DCF-A97D-4C08-91D6-5011EF0A8156}.Debug|Any CPU.Build.0 = Debug|Any CPU
		{7B835DCF-A97D-4C08-91D6-5011EF0A8156}.Release|Any CPU.ActiveCfg = Release|Any CPU
		{7B835DCF-A97D-4C08-91D6-5011EF0A8156}.Release|Any CPU.Build.0 = Release|Any CPU
		{23E2301A-D2AE-4E13-8D55-8A31759BC488}.Debug|Any CPU.ActiveCfg = Debug|Any CPU
		{23E2301A-D2AE-4E13-8D55-8A31759BC488}.Debug|Any CPU.Build.0 = Debug|Any CPU
		{23E2301A-D2AE-4E13-8D55-8A31759BC488}.Release|Any CPU.ActiveCfg = Release|Any CPU
		{23E2301A-D2AE-4E13-8D55-8A31759BC488}.Release|Any CPU.Build.0 = Release|Any CPU
		{60948ABF-61B2-42B4-A85B-A1CAFCF5A333}.Debug|Any CPU.ActiveCfg = Debug|Any CPU
		{60948ABF-61B2-42B4-A85B-A1CAFCF5A333}.Debug|Any CPU.Build.0 = Debug|Any CPU
		{60948ABF-61B2-42B4-A85B-A1CAFCF5A333}.Release|Any CPU.ActiveCfg = Release|Any CPU
		{60948ABF-61B2-42B4-A85B-A1CAFCF5A333}.Release|Any CPU.Build.0 = Release|Any CPU
		{640535DF-7A8B-43E7-9F3A-83C87CA5875E}.Debug|Any CPU.ActiveCfg = Debug|Any CPU
		{640535DF-7A8B-43E7-9F3A-83C87CA5875E}.Debug|Any CPU.Build.0 = Debug|Any CPU
		{640535DF-7A8B-43E7-9F3A-83C87CA5875E}.Release|Any CPU.ActiveCfg = Release|Any CPU
		{640535DF-7A8B-43E7-9F3A-83C87CA5875E}.Release|Any CPU.Build.0 = Release|Any CPU
		{ED6546D0-B6DD-4440-B23F-3F9D374C1232}.Debug|Any CPU.ActiveCfg = Debug|Any CPU
		{ED6546D0-B6DD-4440-B23F-3F9D374C1232}.Debug|Any CPU.Build.0 = Debug|Any CPU
		{ED6546D0-B6DD-4440-B23F-3F9D374C1232}.Release|Any CPU.ActiveCfg = Release|Any CPU
		{ED6546D0-B6DD-4440-B23F-3F9D374C1232}.Release|Any CPU.Build.0 = Release|Any CPU
		{E2ED514E-F563-42D7-B6CB-ED4DB2C70C8B}.Debug|Any CPU.ActiveCfg = Debug|Any CPU
		{E2ED514E-F563-42D7-B6CB-ED4DB2C70C8B}.Debug|Any CPU.Build.0 = Debug|Any CPU
		{E2ED514E-F563-42D7-B6CB-ED4DB2C70C8B}.Release|Any CPU.ActiveCfg = Release|Any CPU
		{E2ED514E-F563-42D7-B6CB-ED4DB2C70C8B}.Release|Any CPU.Build.0 = Release|Any CPU
		{8B44DA31-B633-4F22-9158-C1E5276372FD}.Debug|Any CPU.ActiveCfg = Debug|Any CPU
		{8B44DA31-B633-4F22-9158-C1E5276372FD}.Debug|Any CPU.Build.0 = Debug|Any CPU
		{8B44DA31-B633-4F22-9158-C1E5276372FD}.Release|Any CPU.ActiveCfg = Release|Any CPU
		{8B44DA31-B633-4F22-9158-C1E5276372FD}.Release|Any CPU.Build.0 = Release|Any CPU
		{4EB9E55B-DBE7-4D42-A6D8-F409ED899023}.Debug|Any CPU.ActiveCfg = Debug|Any CPU
		{4EB9E55B-DBE7-4D42-A6D8-F409ED899023}.Debug|Any CPU.Build.0 = Debug|Any CPU
		{4EB9E55B-DBE7-4D42-A6D8-F409ED899023}.Release|Any CPU.ActiveCfg = Release|Any CPU
		{4EB9E55B-DBE7-4D42-A6D8-F409ED899023}.Release|Any CPU.Build.0 = Release|Any CPU
		{7CD86E58-C42E-412D-962A-1BF745D974B8}.Debug|Any CPU.ActiveCfg = Debug|Any CPU
		{7CD86E58-C42E-412D-962A-1BF745D974B8}.Debug|Any CPU.Build.0 = Debug|Any CPU
		{7CD86E58-C42E-412D-962A-1BF745D974B8}.Release|Any CPU.ActiveCfg = Release|Any CPU
		{7CD86E58-C42E-412D-962A-1BF745D974B8}.Release|Any CPU.Build.0 = Release|Any CPU
		{29E3B897-2D34-472F-B991-BB7C183AF92F}.Debug|Any CPU.ActiveCfg = Debug|Any CPU
		{29E3B897-2D34-472F-B991-BB7C183AF92F}.Debug|Any CPU.Build.0 = Debug|Any CPU
		{29E3B897-2D34-472F-B991-BB7C183AF92F}.Release|Any CPU.ActiveCfg = Release|Any CPU
		{29E3B897-2D34-472F-B991-BB7C183AF92F}.Release|Any CPU.Build.0 = Release|Any CPU
		{03441831-32C1-413C-BFDD-A04B3D24566A}.Debug|Any CPU.ActiveCfg = Debug|Any CPU
		{03441831-32C1-413C-BFDD-A04B3D24566A}.Debug|Any CPU.Build.0 = Debug|Any CPU
		{03441831-32C1-413C-BFDD-A04B3D24566A}.Release|Any CPU.ActiveCfg = Release|Any CPU
		{03441831-32C1-413C-BFDD-A04B3D24566A}.Release|Any CPU.Build.0 = Release|Any CPU
		{87D52EBE-224D-48EC-A2AF-850D5264C1B8}.Debug|Any CPU.ActiveCfg = Debug|Any CPU
		{87D52EBE-224D-48EC-A2AF-850D5264C1B8}.Debug|Any CPU.Build.0 = Debug|Any CPU
		{87D52EBE-224D-48EC-A2AF-850D5264C1B8}.Release|Any CPU.ActiveCfg = Release|Any CPU
		{87D52EBE-224D-48EC-A2AF-850D5264C1B8}.Release|Any CPU.Build.0 = Release|Any CPU
		{2583D4F1-2E6E-4FDE-8160-A5060A1C10D9}.Debug|Any CPU.ActiveCfg = Debug|Any CPU
		{2583D4F1-2E6E-4FDE-8160-A5060A1C10D9}.Debug|Any CPU.Build.0 = Debug|Any CPU
		{2583D4F1-2E6E-4FDE-8160-A5060A1C10D9}.Release|Any CPU.ActiveCfg = Release|Any CPU
		{2583D4F1-2E6E-4FDE-8160-A5060A1C10D9}.Release|Any CPU.Build.0 = Release|Any CPU
		{FF320525-BBE6-497A-B661-843B0D6EBBB6}.Debug|Any CPU.ActiveCfg = Debug|Any CPU
		{FF320525-BBE6-497A-B661-843B0D6EBBB6}.Debug|Any CPU.Build.0 = Debug|Any CPU
		{FF320525-BBE6-497A-B661-843B0D6EBBB6}.Release|Any CPU.ActiveCfg = Release|Any CPU
		{FF320525-BBE6-497A-B661-843B0D6EBBB6}.Release|Any CPU.Build.0 = Release|Any CPU
		{412A334D-F711-4D04-910A-C17E64772AFB}.Debug|Any CPU.ActiveCfg = Debug|Any CPU
		{412A334D-F711-4D04-910A-C17E64772AFB}.Debug|Any CPU.Build.0 = Debug|Any CPU
		{412A334D-F711-4D04-910A-C17E64772AFB}.Release|Any CPU.ActiveCfg = Release|Any CPU
		{412A334D-F711-4D04-910A-C17E64772AFB}.Release|Any CPU.Build.0 = Release|Any CPU
		{83BB47A0-2B7F-419F-9741-BD83C9241856}.Debug|Any CPU.ActiveCfg = Debug|Any CPU
		{83BB47A0-2B7F-419F-9741-BD83C9241856}.Debug|Any CPU.Build.0 = Debug|Any CPU
		{83BB47A0-2B7F-419F-9741-BD83C9241856}.Release|Any CPU.ActiveCfg = Release|Any CPU
		{83BB47A0-2B7F-419F-9741-BD83C9241856}.Release|Any CPU.Build.0 = Release|Any CPU
		{B09AECA9-AB4D-47A1-8A44-531D9E228E76}.Debug|Any CPU.ActiveCfg = Debug|Any CPU
		{B09AECA9-AB4D-47A1-8A44-531D9E228E76}.Debug|Any CPU.Build.0 = Debug|Any CPU
		{B09AECA9-AB4D-47A1-8A44-531D9E228E76}.Release|Any CPU.ActiveCfg = Release|Any CPU
		{B09AECA9-AB4D-47A1-8A44-531D9E228E76}.Release|Any CPU.Build.0 = Release|Any CPU
		{1745EBC3-4BB7-4135-9683-34971726D146}.Debug|Any CPU.ActiveCfg = Debug|Any CPU
		{1745EBC3-4BB7-4135-9683-34971726D146}.Debug|Any CPU.Build.0 = Debug|Any CPU
		{1745EBC3-4BB7-4135-9683-34971726D146}.Release|Any CPU.ActiveCfg = Release|Any CPU
		{1745EBC3-4BB7-4135-9683-34971726D146}.Release|Any CPU.Build.0 = Release|Any CPU
		{5139A7E3-636D-41AB-B153-9A7C2CE9DF33}.Debug|Any CPU.ActiveCfg = Debug|Any CPU
		{5139A7E3-636D-41AB-B153-9A7C2CE9DF33}.Debug|Any CPU.Build.0 = Debug|Any CPU
		{5139A7E3-636D-41AB-B153-9A7C2CE9DF33}.Release|Any CPU.ActiveCfg = Release|Any CPU
		{5139A7E3-636D-41AB-B153-9A7C2CE9DF33}.Release|Any CPU.Build.0 = Release|Any CPU
		{FB96BA14-0D6F-4672-BD4F-31B376B3ED05}.Debug|Any CPU.ActiveCfg = Debug|Any CPU
		{FB96BA14-0D6F-4672-BD4F-31B376B3ED05}.Debug|Any CPU.Build.0 = Debug|Any CPU
		{FB96BA14-0D6F-4672-BD4F-31B376B3ED05}.Release|Any CPU.ActiveCfg = Release|Any CPU
		{FB96BA14-0D6F-4672-BD4F-31B376B3ED05}.Release|Any CPU.Build.0 = Release|Any CPU
		{379BF1B5-BDB8-4535-8241-32E6F56180C1}.Debug|Any CPU.ActiveCfg = Debug|Any CPU
		{379BF1B5-BDB8-4535-8241-32E6F56180C1}.Debug|Any CPU.Build.0 = Debug|Any CPU
		{379BF1B5-BDB8-4535-8241-32E6F56180C1}.Release|Any CPU.ActiveCfg = Release|Any CPU
		{379BF1B5-BDB8-4535-8241-32E6F56180C1}.Release|Any CPU.Build.0 = Release|Any CPU
		{A975E8D3-ED6F-4595-A7F7-2E0944F7BD10}.Debug|Any CPU.ActiveCfg = Debug|Any CPU
		{A975E8D3-ED6F-4595-A7F7-2E0944F7BD10}.Debug|Any CPU.Build.0 = Debug|Any CPU
		{A975E8D3-ED6F-4595-A7F7-2E0944F7BD10}.Release|Any CPU.ActiveCfg = Release|Any CPU
		{A975E8D3-ED6F-4595-A7F7-2E0944F7BD10}.Release|Any CPU.Build.0 = Release|Any CPU
		{3A93C781-417B-4FE4-968D-19AB9392B098}.Debug|Any CPU.ActiveCfg = Debug|Any CPU
		{3A93C781-417B-4FE4-968D-19AB9392B098}.Debug|Any CPU.Build.0 = Debug|Any CPU
		{3A93C781-417B-4FE4-968D-19AB9392B098}.Release|Any CPU.ActiveCfg = Release|Any CPU
		{3A93C781-417B-4FE4-968D-19AB9392B098}.Release|Any CPU.Build.0 = Release|Any CPU
		{F34A2F11-42C7-4988-8C75-B030F9A17794}.Debug|Any CPU.ActiveCfg = Debug|Any CPU
		{F34A2F11-42C7-4988-8C75-B030F9A17794}.Debug|Any CPU.Build.0 = Debug|Any CPU
		{F34A2F11-42C7-4988-8C75-B030F9A17794}.Release|Any CPU.ActiveCfg = Release|Any CPU
		{F34A2F11-42C7-4988-8C75-B030F9A17794}.Release|Any CPU.Build.0 = Release|Any CPU
		{27F35264-D26A-4139-AD0F-BA440F6FD41B}.Debug|Any CPU.ActiveCfg = Debug|Any CPU
		{27F35264-D26A-4139-AD0F-BA440F6FD41B}.Debug|Any CPU.Build.0 = Debug|Any CPU
		{27F35264-D26A-4139-AD0F-BA440F6FD41B}.Release|Any CPU.ActiveCfg = Release|Any CPU
		{27F35264-D26A-4139-AD0F-BA440F6FD41B}.Release|Any CPU.Build.0 = Release|Any CPU
		{B70D10C7-63B6-421C-B26D-CE21CB89307B}.Debug|Any CPU.ActiveCfg = Debug|Any CPU
		{B70D10C7-63B6-421C-B26D-CE21CB89307B}.Debug|Any CPU.Build.0 = Debug|Any CPU
		{B70D10C7-63B6-421C-B26D-CE21CB89307B}.Release|Any CPU.ActiveCfg = Release|Any CPU
		{B70D10C7-63B6-421C-B26D-CE21CB89307B}.Release|Any CPU.Build.0 = Release|Any CPU
		{5299132B-2201-48D3-A747-4B9F84056C26}.Debug|Any CPU.ActiveCfg = Debug|Any CPU
		{5299132B-2201-48D3-A747-4B9F84056C26}.Debug|Any CPU.Build.0 = Debug|Any CPU
		{5299132B-2201-48D3-A747-4B9F84056C26}.Release|Any CPU.ActiveCfg = Release|Any CPU
		{5299132B-2201-48D3-A747-4B9F84056C26}.Release|Any CPU.Build.0 = Release|Any CPU
		{69620AE0-F2A3-4A91-9BB3-6E4C5B60CA7E}.Debug|Any CPU.ActiveCfg = Debug|Any CPU
		{69620AE0-F2A3-4A91-9BB3-6E4C5B60CA7E}.Debug|Any CPU.Build.0 = Debug|Any CPU
		{69620AE0-F2A3-4A91-9BB3-6E4C5B60CA7E}.Release|Any CPU.ActiveCfg = Release|Any CPU
		{69620AE0-F2A3-4A91-9BB3-6E4C5B60CA7E}.Release|Any CPU.Build.0 = Release|Any CPU
		{166A1C3B-5577-4641-962A-5790DA67FAFD}.Debug|Any CPU.ActiveCfg = Debug|Any CPU
		{166A1C3B-5577-4641-962A-5790DA67FAFD}.Debug|Any CPU.Build.0 = Debug|Any CPU
		{166A1C3B-5577-4641-962A-5790DA67FAFD}.Release|Any CPU.ActiveCfg = Release|Any CPU
		{166A1C3B-5577-4641-962A-5790DA67FAFD}.Release|Any CPU.Build.0 = Release|Any CPU
		{E3D56EE3-3713-486B-8E3C-5DA7E69AAF81}.Debug|Any CPU.ActiveCfg = Debug|Any CPU
		{E3D56EE3-3713-486B-8E3C-5DA7E69AAF81}.Debug|Any CPU.Build.0 = Debug|Any CPU
		{E3D56EE3-3713-486B-8E3C-5DA7E69AAF81}.Release|Any CPU.ActiveCfg = Release|Any CPU
		{E3D56EE3-3713-486B-8E3C-5DA7E69AAF81}.Release|Any CPU.Build.0 = Release|Any CPU
		{29400378-7821-462C-9E7A-0BC5B0A609F2}.Debug|Any CPU.ActiveCfg = Debug|Any CPU
		{29400378-7821-462C-9E7A-0BC5B0A609F2}.Debug|Any CPU.Build.0 = Debug|Any CPU
		{29400378-7821-462C-9E7A-0BC5B0A609F2}.Release|Any CPU.ActiveCfg = Release|Any CPU
		{29400378-7821-462C-9E7A-0BC5B0A609F2}.Release|Any CPU.Build.0 = Release|Any CPU
		{63C3BB87-E860-41FC-8C56-8DDBE7544B66}.Debug|Any CPU.ActiveCfg = Debug|Any CPU
		{63C3BB87-E860-41FC-8C56-8DDBE7544B66}.Debug|Any CPU.Build.0 = Debug|Any CPU
		{63C3BB87-E860-41FC-8C56-8DDBE7544B66}.Release|Any CPU.ActiveCfg = Release|Any CPU
		{63C3BB87-E860-41FC-8C56-8DDBE7544B66}.Release|Any CPU.Build.0 = Release|Any CPU
		{136EC96D-9481-4447-8948-83A3F0DBF2A0}.Debug|Any CPU.ActiveCfg = Debug|Any CPU
		{136EC96D-9481-4447-8948-83A3F0DBF2A0}.Debug|Any CPU.Build.0 = Debug|Any CPU
		{136EC96D-9481-4447-8948-83A3F0DBF2A0}.Release|Any CPU.ActiveCfg = Release|Any CPU
		{136EC96D-9481-4447-8948-83A3F0DBF2A0}.Release|Any CPU.Build.0 = Release|Any CPU
		{6E5B635E-AE08-4742-9D87-C8FD44EC2DC7}.Debug|Any CPU.ActiveCfg = Debug|Any CPU
		{6E5B635E-AE08-4742-9D87-C8FD44EC2DC7}.Debug|Any CPU.Build.0 = Debug|Any CPU
		{6E5B635E-AE08-4742-9D87-C8FD44EC2DC7}.Release|Any CPU.ActiveCfg = Release|Any CPU
		{6E5B635E-AE08-4742-9D87-C8FD44EC2DC7}.Release|Any CPU.Build.0 = Release|Any CPU
		{37B4C0D6-C0B7-4EC8-B63F-42DA9E21ABBE}.Debug|Any CPU.ActiveCfg = Debug|Any CPU
		{37B4C0D6-C0B7-4EC8-B63F-42DA9E21ABBE}.Debug|Any CPU.Build.0 = Debug|Any CPU
		{37B4C0D6-C0B7-4EC8-B63F-42DA9E21ABBE}.Release|Any CPU.ActiveCfg = Release|Any CPU
		{37B4C0D6-C0B7-4EC8-B63F-42DA9E21ABBE}.Release|Any CPU.Build.0 = Release|Any CPU
		{7BA910DF-31D4-40C3-9F5E-39BD212F9194}.Debug|Any CPU.ActiveCfg = Debug|Any CPU
		{7BA910DF-31D4-40C3-9F5E-39BD212F9194}.Debug|Any CPU.Build.0 = Debug|Any CPU
		{7BA910DF-31D4-40C3-9F5E-39BD212F9194}.Release|Any CPU.ActiveCfg = Release|Any CPU
		{7BA910DF-31D4-40C3-9F5E-39BD212F9194}.Release|Any CPU.Build.0 = Release|Any CPU
		{371BA33D-577A-4E48-B30F-DFA8B5210BC3}.Debug|Any CPU.ActiveCfg = Debug|Any CPU
		{371BA33D-577A-4E48-B30F-DFA8B5210BC3}.Debug|Any CPU.Build.0 = Debug|Any CPU
		{371BA33D-577A-4E48-B30F-DFA8B5210BC3}.Release|Any CPU.ActiveCfg = Release|Any CPU
		{371BA33D-577A-4E48-B30F-DFA8B5210BC3}.Release|Any CPU.Build.0 = Release|Any CPU
		{9E5A7753-5F2A-4FFD-A89E-8C75EAE1B371}.Debug|Any CPU.ActiveCfg = Debug|Any CPU
		{9E5A7753-5F2A-4FFD-A89E-8C75EAE1B371}.Debug|Any CPU.Build.0 = Debug|Any CPU
		{9E5A7753-5F2A-4FFD-A89E-8C75EAE1B371}.Release|Any CPU.ActiveCfg = Release|Any CPU
		{9E5A7753-5F2A-4FFD-A89E-8C75EAE1B371}.Release|Any CPU.Build.0 = Release|Any CPU
		{B648B201-4E83-4F53-BF5E-8AB09D1F6A53}.Debug|Any CPU.ActiveCfg = Debug|Any CPU
		{B648B201-4E83-4F53-BF5E-8AB09D1F6A53}.Debug|Any CPU.Build.0 = Debug|Any CPU
		{B648B201-4E83-4F53-BF5E-8AB09D1F6A53}.Release|Any CPU.ActiveCfg = Release|Any CPU
		{B648B201-4E83-4F53-BF5E-8AB09D1F6A53}.Release|Any CPU.Build.0 = Release|Any CPU
		{8E9B22FD-B0A2-484F-B5C3-8866C584B101}.Debug|Any CPU.ActiveCfg = Debug|Any CPU
		{8E9B22FD-B0A2-484F-B5C3-8866C584B101}.Debug|Any CPU.Build.0 = Debug|Any CPU
		{8E9B22FD-B0A2-484F-B5C3-8866C584B101}.Release|Any CPU.ActiveCfg = Release|Any CPU
		{8E9B22FD-B0A2-484F-B5C3-8866C584B101}.Release|Any CPU.Build.0 = Release|Any CPU
		{3660B00C-2BEC-4EEF-ADF9-A56D31F1D33F}.Debug|Any CPU.ActiveCfg = Debug|Any CPU
		{3660B00C-2BEC-4EEF-ADF9-A56D31F1D33F}.Debug|Any CPU.Build.0 = Debug|Any CPU
		{3660B00C-2BEC-4EEF-ADF9-A56D31F1D33F}.Release|Any CPU.ActiveCfg = Release|Any CPU
		{3660B00C-2BEC-4EEF-ADF9-A56D31F1D33F}.Release|Any CPU.Build.0 = Release|Any CPU
		{850EF372-3978-4B69-BB7E-2E60E9ED38A0}.Debug|Any CPU.ActiveCfg = Debug|Any CPU
		{850EF372-3978-4B69-BB7E-2E60E9ED38A0}.Debug|Any CPU.Build.0 = Debug|Any CPU
		{850EF372-3978-4B69-BB7E-2E60E9ED38A0}.Release|Any CPU.ActiveCfg = Release|Any CPU
		{850EF372-3978-4B69-BB7E-2E60E9ED38A0}.Release|Any CPU.Build.0 = Release|Any CPU
		{C1793D1A-9D70-44F0-8B80-35038295111E}.Debug|Any CPU.ActiveCfg = Debug|Any CPU
		{C1793D1A-9D70-44F0-8B80-35038295111E}.Debug|Any CPU.Build.0 = Debug|Any CPU
		{C1793D1A-9D70-44F0-8B80-35038295111E}.Release|Any CPU.ActiveCfg = Release|Any CPU
		{C1793D1A-9D70-44F0-8B80-35038295111E}.Release|Any CPU.Build.0 = Release|Any CPU
		{C686E434-2403-49C7-942E-89DE5423D2D5}.Debug|Any CPU.ActiveCfg = Debug|Any CPU
		{C686E434-2403-49C7-942E-89DE5423D2D5}.Debug|Any CPU.Build.0 = Debug|Any CPU
		{C686E434-2403-49C7-942E-89DE5423D2D5}.Release|Any CPU.ActiveCfg = Release|Any CPU
		{C686E434-2403-49C7-942E-89DE5423D2D5}.Release|Any CPU.Build.0 = Release|Any CPU
		{9A4A8202-B79E-4216-8E88-E48B78AB1F7D}.Debug|Any CPU.ActiveCfg = Debug|Any CPU
		{9A4A8202-B79E-4216-8E88-E48B78AB1F7D}.Debug|Any CPU.Build.0 = Debug|Any CPU
		{9A4A8202-B79E-4216-8E88-E48B78AB1F7D}.Release|Any CPU.ActiveCfg = Release|Any CPU
		{9A4A8202-B79E-4216-8E88-E48B78AB1F7D}.Release|Any CPU.Build.0 = Release|Any CPU
		{BA78A332-BD0F-4700-8945-58305E6A06FD}.Debug|Any CPU.ActiveCfg = Debug|Any CPU
		{BA78A332-BD0F-4700-8945-58305E6A06FD}.Debug|Any CPU.Build.0 = Debug|Any CPU
		{BA78A332-BD0F-4700-8945-58305E6A06FD}.Release|Any CPU.ActiveCfg = Release|Any CPU
		{BA78A332-BD0F-4700-8945-58305E6A06FD}.Release|Any CPU.Build.0 = Release|Any CPU
		{C0AD6BEA-9B2C-4BA5-ACD4-3093E5005B3D}.Debug|Any CPU.ActiveCfg = Debug|Any CPU
		{C0AD6BEA-9B2C-4BA5-ACD4-3093E5005B3D}.Debug|Any CPU.Build.0 = Debug|Any CPU
		{C0AD6BEA-9B2C-4BA5-ACD4-3093E5005B3D}.Release|Any CPU.ActiveCfg = Release|Any CPU
		{C0AD6BEA-9B2C-4BA5-ACD4-3093E5005B3D}.Release|Any CPU.Build.0 = Release|Any CPU
		{D0979A65-31C6-407D-99C3-488F1947FEAA}.Debug|Any CPU.ActiveCfg = Debug|Any CPU
		{D0979A65-31C6-407D-99C3-488F1947FEAA}.Debug|Any CPU.Build.0 = Debug|Any CPU
		{D0979A65-31C6-407D-99C3-488F1947FEAA}.Release|Any CPU.ActiveCfg = Release|Any CPU
		{D0979A65-31C6-407D-99C3-488F1947FEAA}.Release|Any CPU.Build.0 = Release|Any CPU
	EndGlobalSection
	GlobalSection(SolutionProperties) = preSolution
		HideSolutionNode = FALSE
	EndGlobalSection
	GlobalSection(NestedProjects) = preSolution
		{6DA06BD1-8697-45E4-AF24-2F3C2D75D4B3} = {8ECE7AF5-A459-410F-A285-848D9B319B12}
		{40C7B6F2-6491-40F0-B846-692C001BEB67} = {3F14B517-7784-4281-805D-8AB5936C7BF5}
		{F6B6A650-08FF-4DC2-8A3E-F63141920775} = {3F14B517-7784-4281-805D-8AB5936C7BF5}
		{8A23B300-0DFC-4F70-A8C3-B4F20C04A01D} = {8ECE7AF5-A459-410F-A285-848D9B319B12}
		{A93F47ED-5E0E-4B23-8146-BDE3A1B435E6} = {40C7B6F2-6491-40F0-B846-692C001BEB67}
		{8ECE7AF5-A459-410F-A285-848D9B319B12} = {40C7B6F2-6491-40F0-B846-692C001BEB67}
		{E36D4D83-91EF-4263-B525-5D9C074F610B} = {8ECE7AF5-A459-410F-A285-848D9B319B12}
		{812BC224-98E4-4CAE-8115-655C3DCE2CEF} = {8ECE7AF5-A459-410F-A285-848D9B319B12}
		{A1D3F67D-C5A8-415C-B893-AFE10EF6198F} = {8ECE7AF5-A459-410F-A285-848D9B319B12}
		{0C6DA5FC-95E5-48CA-98C2-B80952D6B689} = {F6B6A650-08FF-4DC2-8A3E-F63141920775}
		{A2BFF418-849F-4129-B3B2-37DD67867740} = {F6B6A650-08FF-4DC2-8A3E-F63141920775}
		{F1CF60AF-E598-43E2-AB8E-8BF53164D255} = {F6B6A650-08FF-4DC2-8A3E-F63141920775}
		{A9F5EFAF-739A-433D-95E8-45DF6292A6BE} = {F6B6A650-08FF-4DC2-8A3E-F63141920775}
		{7B835DCF-A97D-4C08-91D6-5011EF0A8156} = {F6B6A650-08FF-4DC2-8A3E-F63141920775}
		{23E2301A-D2AE-4E13-8D55-8A31759BC488} = {F6B6A650-08FF-4DC2-8A3E-F63141920775}
		{60948ABF-61B2-42B4-A85B-A1CAFCF5A333} = {F6B6A650-08FF-4DC2-8A3E-F63141920775}
		{640535DF-7A8B-43E7-9F3A-83C87CA5875E} = {F6B6A650-08FF-4DC2-8A3E-F63141920775}
		{ED6546D0-B6DD-4440-B23F-3F9D374C1232} = {F6B6A650-08FF-4DC2-8A3E-F63141920775}
		{E2ED514E-F563-42D7-B6CB-ED4DB2C70C8B} = {F6B6A650-08FF-4DC2-8A3E-F63141920775}
		{8B44DA31-B633-4F22-9158-C1E5276372FD} = {F6B6A650-08FF-4DC2-8A3E-F63141920775}
		{4EB9E55B-DBE7-4D42-A6D8-F409ED899023} = {F6B6A650-08FF-4DC2-8A3E-F63141920775}
		{7CD86E58-C42E-412D-962A-1BF745D974B8} = {F6B6A650-08FF-4DC2-8A3E-F63141920775}
		{29E3B897-2D34-472F-B991-BB7C183AF92F} = {F6B6A650-08FF-4DC2-8A3E-F63141920775}
		{03441831-32C1-413C-BFDD-A04B3D24566A} = {F6B6A650-08FF-4DC2-8A3E-F63141920775}
		{87D52EBE-224D-48EC-A2AF-850D5264C1B8} = {F6B6A650-08FF-4DC2-8A3E-F63141920775}
		{2583D4F1-2E6E-4FDE-8160-A5060A1C10D9} = {F6B6A650-08FF-4DC2-8A3E-F63141920775}
		{FF320525-BBE6-497A-B661-843B0D6EBBB6} = {F6B6A650-08FF-4DC2-8A3E-F63141920775}
		{412A334D-F711-4D04-910A-C17E64772AFB} = {F6B6A650-08FF-4DC2-8A3E-F63141920775}
		{83BB47A0-2B7F-419F-9741-BD83C9241856} = {F6B6A650-08FF-4DC2-8A3E-F63141920775}
		{B09AECA9-AB4D-47A1-8A44-531D9E228E76} = {F6B6A650-08FF-4DC2-8A3E-F63141920775}
		{1745EBC3-4BB7-4135-9683-34971726D146} = {F6B6A650-08FF-4DC2-8A3E-F63141920775}
		{5139A7E3-636D-41AB-B153-9A7C2CE9DF33} = {F6B6A650-08FF-4DC2-8A3E-F63141920775}
		{FB96BA14-0D6F-4672-BD4F-31B376B3ED05} = {F6B6A650-08FF-4DC2-8A3E-F63141920775}
		{379BF1B5-BDB8-4535-8241-32E6F56180C1} = {F6B6A650-08FF-4DC2-8A3E-F63141920775}
		{A975E8D3-ED6F-4595-A7F7-2E0944F7BD10} = {F6B6A650-08FF-4DC2-8A3E-F63141920775}
		{3A93C781-417B-4FE4-968D-19AB9392B098} = {F6B6A650-08FF-4DC2-8A3E-F63141920775}
		{F34A2F11-42C7-4988-8C75-B030F9A17794} = {F6B6A650-08FF-4DC2-8A3E-F63141920775}
		{72C08515-B9E8-4EEA-B723-560762171FEF} = {40C7B6F2-6491-40F0-B846-692C001BEB67}
		{76C629AE-4969-4870-83BD-DA528CED6CCF} = {40C7B6F2-6491-40F0-B846-692C001BEB67}
		{27F35264-D26A-4139-AD0F-BA440F6FD41B} = {72C08515-B9E8-4EEA-B723-560762171FEF}
		{B70D10C7-63B6-421C-B26D-CE21CB89307B} = {72C08515-B9E8-4EEA-B723-560762171FEF}
		{5299132B-2201-48D3-A747-4B9F84056C26} = {72C08515-B9E8-4EEA-B723-560762171FEF}
		{69620AE0-F2A3-4A91-9BB3-6E4C5B60CA7E} = {72C08515-B9E8-4EEA-B723-560762171FEF}
		{166A1C3B-5577-4641-962A-5790DA67FAFD} = {72C08515-B9E8-4EEA-B723-560762171FEF}
		{E3D56EE3-3713-486B-8E3C-5DA7E69AAF81} = {76C629AE-4969-4870-83BD-DA528CED6CCF}
		{29400378-7821-462C-9E7A-0BC5B0A609F2} = {F6B6A650-08FF-4DC2-8A3E-F63141920775}
		{63C3BB87-E860-41FC-8C56-8DDBE7544B66} = {F6B6A650-08FF-4DC2-8A3E-F63141920775}
		{136EC96D-9481-4447-8948-83A3F0DBF2A0} = {F6B6A650-08FF-4DC2-8A3E-F63141920775}
		{6E5B635E-AE08-4742-9D87-C8FD44EC2DC7} = {F6B6A650-08FF-4DC2-8A3E-F63141920775}
		{37B4C0D6-C0B7-4EC8-B63F-42DA9E21ABBE} = {F6B6A650-08FF-4DC2-8A3E-F63141920775}
		{7BA910DF-31D4-40C3-9F5E-39BD212F9194} = {F6B6A650-08FF-4DC2-8A3E-F63141920775}
		{371BA33D-577A-4E48-B30F-DFA8B5210BC3} = {F6B6A650-08FF-4DC2-8A3E-F63141920775}
		{9E5A7753-5F2A-4FFD-A89E-8C75EAE1B371} = {F6B6A650-08FF-4DC2-8A3E-F63141920775}
		{B648B201-4E83-4F53-BF5E-8AB09D1F6A53} = {F6B6A650-08FF-4DC2-8A3E-F63141920775}
		{8E9B22FD-B0A2-484F-B5C3-8866C584B101} = {F6B6A650-08FF-4DC2-8A3E-F63141920775}
		{3660B00C-2BEC-4EEF-ADF9-A56D31F1D33F} = {76C629AE-4969-4870-83BD-DA528CED6CCF}
		{850EF372-3978-4B69-BB7E-2E60E9ED38A0} = {76C629AE-4969-4870-83BD-DA528CED6CCF}
		{06A28CCB-B8A4-401E-8DC1-2BCED951451B} = {40C7B6F2-6491-40F0-B846-692C001BEB67}
		{C1793D1A-9D70-44F0-8B80-35038295111E} = {06A28CCB-B8A4-401E-8DC1-2BCED951451B}
		{773B12D8-3BEB-440F-85B6-60C7BA490D4E} = {59A07F84-9791-4ECD-ACAC-CDBFD678F99B}
		{D2A4CF92-4784-41CA-8A40-1432E7BED6BC} = {59A07F84-9791-4ECD-ACAC-CDBFD678F99B}
		{C686E434-2403-49C7-942E-89DE5423D2D5} = {773B12D8-3BEB-440F-85B6-60C7BA490D4E}
		{9A4A8202-B79E-4216-8E88-E48B78AB1F7D} = {D2A4CF92-4784-41CA-8A40-1432E7BED6BC}
		{BA78A332-BD0F-4700-8945-58305E6A06FD} = {D2A4CF92-4784-41CA-8A40-1432E7BED6BC}
		{C0AD6BEA-9B2C-4BA5-ACD4-3093E5005B3D} = {773B12D8-3BEB-440F-85B6-60C7BA490D4E}
		{D0979A65-31C6-407D-99C3-488F1947FEAA} = {D2A4CF92-4784-41CA-8A40-1432E7BED6BC}
	EndGlobalSection
	GlobalSection(ExtensibilityGlobals) = postSolution
		SolutionGuid = {DAC75B58-6432-486C-8E81-1171B5666D52}
	EndGlobalSection
EndGlobal
